
Microsoft Visual Studio Solution File, Format Version 12.00
Project("{FAE04EC0-301F-11D3-BF4B-00C04F79EFBC}") = "leetcode-csharp", "leetcode-csharp.csproj", "{28823850-75CA-4CED-BB4A-9E05AA5B5AED}"
EndProject
Global
	GlobalSection(SolutionConfigurationPlatforms) = preSolution
		Debug|Any CPU = Debug|Any CPU
		Release|Any CPU = Release|Any CPU
	EndGlobalSection
	GlobalSection(ProjectConfigurationPlatforms) = postSolution
		{28823850-75CA-4CED-BB4A-9E05AA5B5AED}.Debug|Any CPU.ActiveCfg = Debug|Any CPU
		{28823850-75CA-4CED-BB4A-9E05AA5B5AED}.Debug|Any CPU.Build.0 = Debug|Any CPU
		{28823850-75CA-4CED-BB4A-9E05AA5B5AED}.Release|Any CPU.ActiveCfg = Release|Any CPU
		{28823850-75CA-4CED-BB4A-9E05AA5B5AED}.Release|Any CPU.Build.0 = Release|Any CPU
	EndGlobalSection
EndGlobal
